// !$*UTF8*$!
{
	archiveVersion = 1;
	classes = {
	};
	objectVersion = 50;
	objects = {

/* Begin PBXBuildFile section */
		8E616D17241B9C6100E5FA8A /* AppDelegate.swift in Sources */ = {isa = PBXBuildFile; fileRef = 8E616D16241B9C6100E5FA8A /* AppDelegate.swift */; };
		8E616D19241B9C6100E5FA8A /* SceneDelegate.swift in Sources */ = {isa = PBXBuildFile; fileRef = 8E616D18241B9C6100E5FA8A /* SceneDelegate.swift */; };
		8E616D1B241B9C6100E5FA8A /* ViewController.swift in Sources */ = {isa = PBXBuildFile; fileRef = 8E616D1A241B9C6100E5FA8A /* ViewController.swift */; };
		8E616D1E241B9C6100E5FA8A /* Main.storyboard in Resources */ = {isa = PBXBuildFile; fileRef = 8E616D1C241B9C6100E5FA8A /* Main.storyboard */; };
		8E616D20241B9C6400E5FA8A /* Assets.xcassets in Resources */ = {isa = PBXBuildFile; fileRef = 8E616D1F241B9C6400E5FA8A /* Assets.xcassets */; };
		8E616D23241B9C6400E5FA8A /* LaunchScreen.storyboard in Resources */ = {isa = PBXBuildFile; fileRef = 8E616D21241B9C6400E5FA8A /* LaunchScreen.storyboard */; };
/* End PBXBuildFile section */

/* Begin PBXFileReference section */
		8E616D13241B9C6100E5FA8A /* Programmer Qoute.app */ = {isa = PBXFileReference; explicitFileType = wrapper.application; includeInIndex = 0; path = "Programmer Qoute.app"; sourceTree = BUILT_PRODUCTS_DIR; };
		8E616D16241B9C6100E5FA8A /* AppDelegate.swift */ = {isa = PBXFileReference; lastKnownFileType = sourcecode.swift; path = AppDelegate.swift; sourceTree = "<group>"; };
		8E616D18241B9C6100E5FA8A /* SceneDelegate.swift */ = {isa = PBXFileReference; lastKnownFileType = sourcecode.swift; path = SceneDelegate.swift; sourceTree = "<group>"; };
		8E616D1A241B9C6100E5FA8A /* ViewController.swift */ = {isa = PBXFileReference; lastKnownFileType = sourcecode.swift; path = ViewController.swift; sourceTree = "<group>"; };
		8E616D1D241B9C6100E5FA8A /* Base */ = {isa = PBXFileReference; lastKnownFileType = file.storyboard; name = Base; path = Base.lproj/Main.storyboard; sourceTree = "<group>"; };
		8E616D1F241B9C6400E5FA8A /* Assets.xcassets */ = {isa = PBXFileReference; lastKnownFileType = folder.assetcatalog; path = Assets.xcassets; sourceTree = "<group>"; };
		8E616D22241B9C6400E5FA8A /* Base */ = {isa = PBXFileReference; lastKnownFileType = file.storyboard; name = Base; path = Base.lproj/LaunchScreen.storyboard; sourceTree = "<group>"; };
		8E616D24241B9C6400E5FA8A /* Info.plist */ = {isa = PBXFileReference; lastKnownFileType = text.plist.xml; path = Info.plist; sourceTree = "<group>"; };
/* End PBXFileReference section */

/* Begin PBXFrameworksBuildPhase section */
		8E616D10241B9C6100E5FA8A /* Frameworks */ = {
			isa = PBXFrameworksBuildPhase;
			buildActionMask = 2147483647;
			files = (
			);
			runOnlyForDeploymentPostprocessing = 0;
		};
/* End PBXFrameworksBuildPhase section */

/* Begin PBXGroup section */
		8E616D0A241B9C6100E5FA8A = {
			isa = PBXGroup;
			children = (
				8E616D15241B9C6100E5FA8A /* Programmer Qoute */,
				8E616D14241B9C6100E5FA8A /* Products */,
			);
			sourceTree = "<group>";
		};
		8E616D14241B9C6100E5FA8A /* Products */ = {
			isa = PBXGroup;
			children = (
				8E616D13241B9C6100E5FA8A /* Programmer Qoute.app */,
			);
			name = Products;
			sourceTree = "<group>";
		};
		8E616D15241B9C6100E5FA8A /* Programmer Qoute */ = {
			isa = PBXGroup;
			children = (
				8E616D16241B9C6100E5FA8A /* AppDelegate.swift */,
				8E616D18241B9C6100E5FA8A /* SceneDelegate.swift */,
				8E616D1A241B9C6100E5FA8A /* ViewController.swift */,
				8E616D1C241B9C6100E5FA8A /* Main.storyboard */,
				8E616D1F241B9C6400E5FA8A /* Assets.xcassets */,
				8E616D21241B9C6400E5FA8A /* LaunchScreen.storyboard */,
				8E616D24241B9C6400E5FA8A /* Info.plist */,
			);
			path = "Programmer Qoute";
			sourceTree = "<group>";
		};
/* End PBXGroup section */

/* Begin PBXNativeTarget section */
		8E616D12241B9C6100E5FA8A /* Programmer Qoute */ = {
			isa = PBXNativeTarget;
			buildConfigurationList = 8E616D27241B9C6400E5FA8A /* Build configuration list for PBXNativeTarget "Programmer Qoute" */;
			buildPhases = (
				8E616D0F241B9C6100E5FA8A /* Sources */,
				8E616D10241B9C6100E5FA8A /* Frameworks */,
				8E616D11241B9C6100E5FA8A /* Resources */,
			);
			buildRules = (
			);
			dependencies = (
			);
			name = "Programmer Qoute";
			productName = "Programmer Qoute";
			productReference = 8E616D13241B9C6100E5FA8A /* Programmer Qoute.app */;
			productType = "com.apple.product-type.application";
		};
/* End PBXNativeTarget section */

/* Begin PBXProject section */
		8E616D0B241B9C6100E5FA8A /* Project object */ = {
			isa = PBXProject;
			attributes = {
				LastSwiftUpdateCheck = 1130;
				LastUpgradeCheck = 1130;
				ORGANIZATIONNAME = "Nick Biever";
				TargetAttributes = {
					8E616D12241B9C6100E5FA8A = {
						CreatedOnToolsVersion = 11.3.1;
					};
				};
			};
			buildConfigurationList = 8E616D0E241B9C6100E5FA8A /* Build configuration list for PBXProject "Programmer Qoute" */;
			compatibilityVersion = "Xcode 9.3";
			developmentRegion = en;
			hasScannedForEncodings = 0;
			knownRegions = (
				en,
				Base,
			);
			mainGroup = 8E616D0A241B9C6100E5FA8A;
			productRefGroup = 8E616D14241B9C6100E5FA8A /* Products */;
			projectDirPath = "";
			projectRoot = "";
			targets = (
				8E616D12241B9C6100E5FA8A /* Programmer Qoute */,
			);
		};
/* End PBXProject section */

/* Begin PBXResourcesBuildPhase section */
		8E616D11241B9C6100E5FA8A /* Resources */ = {
			isa = PBXResourcesBuildPhase;
			buildActionMask = 2147483647;
			files = (
				8E616D23241B9C6400E5FA8A /* LaunchScreen.storyboard in Resources */,
				8E616D20241B9C6400E5FA8A /* Assets.xcassets in Resources */,
				8E616D1E241B9C6100E5FA8A /* Main.storyboard in Resources */,
			);
			runOnlyForDeploymentPostprocessing = 0;
		};
/* End PBXResourcesBuildPhase section */

/* Begin PBXSourcesBuildPhase section */
		8E616D0F241B9C6100E5FA8A /* Sources */ = {
			isa = PBXSourcesBuildPhase;
			buildActionMask = 2147483647;
			files = (
				8E616D1B241B9C6100E5FA8A /* ViewController.swift in Sources */,
				8E616D17241B9C6100E5FA8A /* AppDelegate.swift in Sources */,
				8E616D19241B9C6100E5FA8A /* SceneDelegate.swift in Sources */,
			);
			runOnlyForDeploymentPostprocessing = 0;
		};
/* End PBXSourcesBuildPhase section */

/* Begin PBXVariantGroup section */
		8E616D1C241B9C6100E5FA8A /* Main.storyboard */ = {
			isa = PBXVariantGroup;
			children = (
				8E616D1D241B9C6100E5FA8A /* Base */,
			);
			name = Main.storyboard;
			sourceTree = "<group>";
		};
		8E616D21241B9C6400E5FA8A /* LaunchScreen.storyboard */ = {
			isa = PBXVariantGroup;
			children = (
				8E616D22241B9C6400E5FA8A /* Base */,
			);
			name = LaunchScreen.storyboard;
			sourceTree = "<group>";
		};
/* End PBXVariantGroup section */

/* Begin XCBuildConfiguration section */
		8E616D25241B9C6400E5FA8A /* Debug */ = {
			isa = XCBuildConfiguration;
			buildSettings = {
				ALWAYS_SEARCH_USER_PATHS = NO;
				CLANG_ANALYZER_NONNULL = YES;
				CLANG_ANALYZER_NUMBER_OBJECT_CONVERSION = YES_AGGRESSIVE;
				CLANG_CXX_LANGUAGE_STANDARD = "gnu++14";
				CLANG_CXX_LIBRARY = "libc++";
				CLANG_ENABLE_MODULES = YES;
				CLANG_ENABLE_OBJC_ARC = YES;
				CLANG_ENABLE_OBJC_WEAK = YES;
				CLANG_WARN_BLOCK_CAPTURE_AUTORELEASING = YES;
				CLANG_WARN_BOOL_CONVERSION = YES;
				CLANG_WARN_COMMA = YES;
				CLANG_WARN_CONSTANT_CONVERSION = YES;
				CLANG_WARN_DEPRECATED_OBJC_IMPLEMENTATIONS = YES;
				CLANG_WARN_DIRECT_OBJC_ISA_USAGE = YES_ERROR;
				CLANG_WARN_DOCUMENTATION_COMMENTS = YES;
				CLANG_WARN_EMPTY_BODY = YES;
				CLANG_WARN_ENUM_CONVERSION = YES;
				CLANG_WARN_INFINITE_RECURSION = YES;
				CLANG_WARN_INT_CONVERSION = YES;
				CLANG_WARN_NON_LITERAL_NULL_CONVERSION = YES;
				CLANG_WARN_OBJC_IMPLICIT_RETAIN_SELF = YES;
				CLANG_WARN_OBJC_LITERAL_CONVERSION = YES;
				CLANG_WARN_OBJC_ROOT_CLASS = YES_ERROR;
				CLANG_WARN_RANGE_LOOP_ANALYSIS = YES;
				CLANG_WARN_STRICT_PROTOTYPES = YES;
				CLANG_WARN_SUSPICIOUS_MOVE = YES;
				CLANG_WARN_UNGUARDED_AVAILABILITY = YES_AGGRESSIVE;
				CLANG_WARN_UNREACHABLE_CODE = YES;
				CLANG_WARN__DUPLICATE_METHOD_MATCH = YES;
				COPY_PHASE_STRIP = NO;
				DEBUG_INFORMATION_FORMAT = dwarf;
				ENABLE_STRICT_OBJC_MSGSEND = YES;
				ENABLE_TESTABILITY = YES;
				GCC_C_LANGUAGE_STANDARD = gnu11;
				GCC_DYNAMIC_NO_PIC = NO;
				GCC_NO_COMMON_BLOCKS = YES;
				GCC_OPTIMIZATION_LEVEL = 0;
				GCC_PREPROCESSOR_DEFINITIONS = (
					"DEBUG=1",
					"$(inherited)",
				);
				GCC_WARN_64_TO_32_BIT_CONVERSION = YES;
				GCC_WARN_ABOUT_RETURN_TYPE = YES_ERROR;
				GCC_WARN_UNDECLARED_SELECTOR = YES;
				GCC_WARN_UNINITIALIZED_AUTOS = YES_AGGRESSIVE;
				GCC_WARN_UNUSED_FUNCTION = YES;
				GCC_WARN_UNUSED_VARIABLE = YES;
				IPHONEOS_DEPLOYMENT_TARGET = 13.2;
				MTL_ENABLE_DEBUG_INFO = INCLUDE_SOURCE;
				MTL_FAST_MATH = YES;
				ONLY_ACTIVE_ARCH = YES;
				SDKROOT = iphoneos;
				SWIFT_ACTIVE_COMPILATION_CONDITIONS = DEBUG;
				SWIFT_OPTIMIZATION_LEVEL = "-Onone";
			};
			name = Debug;
		};
		8E616D26241B9C6400E5FA8A /* Release */ = {
			isa = XCBuildConfiguration;
			buildSettings = {
				ALWAYS_SEARCH_USER_PATHS = NO;
				CLANG_ANALYZER_NONNULL = YES;
				CLANG_ANALYZER_NUMBER_OBJECT_CONVERSION = YES_AGGRESSIVE;
				CLANG_CXX_LANGUAGE_STANDARD = "gnu++14";
				CLANG_CXX_LIBRARY = "libc++";
				CLANG_ENABLE_MODULES = YES;
				CLANG_ENABLE_OBJC_ARC = YES;
				CLANG_ENABLE_OBJC_WEAK = YES;
				CLANG_WARN_BLOCK_CAPTURE_AUTORELEASING = YES;
				CLANG_WARN_BOOL_CONVERSION = YES;
				CLANG_WARN_COMMA = YES;
				CLANG_WARN_CONSTANT_CONVERSION = YES;
				CLANG_WARN_DEPRECATED_OBJC_IMPLEMENTATIONS = YES;
				CLANG_WARN_DIRECT_OBJC_ISA_USAGE = YES_ERROR;
				CLANG_WARN_DOCUMENTATION_COMMENTS = YES;
				CLANG_WARN_EMPTY_BODY = YES;
				CLANG_WARN_ENUM_CONVERSION = YES;
				CLANG_WARN_INFINITE_RECURSION = YES;
				CLANG_WARN_INT_CONVERSION = YES;
				CLANG_WARN_NON_LITERAL_NULL_CONVERSION = YES;
				CLANG_WARN_OBJC_IMPLICIT_RETAIN_SELF = YES;
				CLANG_WARN_OBJC_LITERAL_CONVERSION = YES;
				CLANG_WARN_OBJC_ROOT_CLASS = YES_ERROR;
				CLANG_WARN_RANGE_LOOP_ANALYSIS = YES;
				CLANG_WARN_STRICT_PROTOTYPES = YES;
				CLANG_WARN_SUSPICIOUS_MOVE = YES;
				CLANG_WARN_UNGUARDED_AVAILABILITY = YES_AGGRESSIVE;
				CLANG_WARN_UNREACHABLE_CODE = YES;
				CLANG_WARN__DUPLICATE_METHOD_MATCH = YES;
				COPY_PHASE_STRIP = NO;
				DEBUG_INFORMATION_FORMAT = "dwarf-with-dsym";
				ENABLE_NS_ASSERTIONS = NO;
				ENABLE_STRICT_OBJC_MSGSEND = YES;
				GCC_C_LANGUAGE_STANDARD = gnu11;
				GCC_NO_COMMON_BLOCKS = YES;
				GCC_WARN_64_TO_32_BIT_CONVERSION = YES;
				GCC_WARN_ABOUT_RETURN_TYPE = YES_ERROR;
				GCC_WARN_UNDECLARED_SELECTOR = YES;
				GCC_WARN_UNINITIALIZED_AUTOS = YES_AGGRESSIVE;
				GCC_WARN_UNUSED_FUNCTION = YES;
				GCC_WARN_UNUSED_VARIABLE = YES;
				IPHONEOS_DEPLOYMENT_TARGET = 13.2;
				MTL_ENABLE_DEBUG_INFO = NO;
				MTL_FAST_MATH = YES;
				SDKROOT = iphoneos;
				SWIFT_COMPILATION_MODE = wholemodule;
				SWIFT_OPTIMIZATION_LEVEL = "-O";
				VALIDATE_PRODUCT = YES;
			};
			name = Release;
		};
		8E616D28241B9C6400E5FA8A /* Debug */ = {
			isa = XCBuildConfiguration;
			buildSettings = {
				ASSETCATALOG_COMPILER_APPICON_NAME = AppIcon;
				CODE_SIGN_STYLE = Automatic;
				DEVELOPMENT_TEAM = NK6DX6E46D;
				INFOPLIST_FILE = "Programmer Qoute/Info.plist";
				LD_RUNPATH_SEARCH_PATHS = (
					"$(inherited)",
					"@executable_path/Frameworks",
				);
				PRODUCT_BUNDLE_IDENTIFIER = "com.nickbiever.Programmer-Qoute";
				PRODUCT_NAME = "$(TARGET_NAME)";
				SWIFT_VERSION = 5.0;
				TARGETED_DEVICE_FAMILY = "1,2";
			};
			name = Debug;
		};
		8E616D29241B9C6400E5FA8A /* Release */ = {
			isa = XCBuildConfiguration;
			buildSettings = {
				ASSETCATALOG_COMPILER_APPICON_NAME = AppIcon;
				CODE_SIGN_STYLE = Automatic;
				DEVELOPMENT_TEAM = NK6DX6E46D;
				INFOPLIST_FILE = "Programmer Qoute/Info.plist";
				LD_RUNPATH_SEARCH_PATHS = (
					"$(inherited)",
					"@executable_path/Frameworks",
				);
				PRODUCT_BUNDLE_IDENTIFIER = "com.nickbiever.Programmer-Qoute";
				PRODUCT_NAME = "$(TARGET_NAME)";
				SWIFT_VERSION = 5.0;
				TARGETED_DEVICE_FAMILY = "1,2";
			};
			name = Release;
		};
/* End XCBuildConfiguration section */

/* Begin XCConfigurationList section */
		8E616D0E241B9C6100E5FA8A /* Build configuration list for PBXProject "Programmer Qoute" */ = {
			isa = XCConfigurationList;
			buildConfigurations = (
				8E616D25241B9C6400E5FA8A /* Debug */,
				8E616D26241B9C6400E5FA8A /* Release */,
			);
			defaultConfigurationIsVisible = 0;
			defaultConfigurationName = Release;
		};
		8E616D27241B9C6400E5FA8A /* Build configuration list for PBXNativeTarget "Programmer Qoute" */ = {
			isa = XCConfigurationList;
			buildConfigurations = (
				8E616D28241B9C6400E5FA8A /* Debug */,
				8E616D29241B9C6400E5FA8A /* Release */,
			);
			defaultConfigurationIsVisible = 0;
			defaultConfigurationName = Release;
		};
/* End XCConfigurationList section */
	};
	rootObject = 8E616D0B241B9C6100E5FA8A /* Project object */;
}
